
Microsoft Visual Studio Solution File, Format Version 12.00
# Visual Studio 14
VisualStudioVersion = 14.0.25123.0
MinimumVisualStudioVersion = 10.0.40219.1
Project("{FAE04EC0-301F-11D3-BF4B-00C04F79EFBC}") = "ProblemBContainers2007Acm.Test", "ProblemBContainers2007Acm.Test\ProblemBContainers2007Acm.Test.csproj", "{2E4ACC35-F848-4843-83FF-B2FDF9E76A60}"
EndProject
Project("{FAE04EC0-301F-11D3-BF4B-00C04F79EFBC}") = "ProblemBContainers2007Acm.Logic", "ProblemBContainers2007Acm.Logic\ProblemBContainers2007Acm.Logic.csproj", "{916FCC9B-B920-4345-B2BB-02A71B66D848}"
EndProject
Global
	GlobalSection(SolutionConfigurationPlatforms) = preSolution
		Debug|Any CPU = Debug|Any CPU
		Release|Any CPU = Release|Any CPU
	EndGlobalSection
	GlobalSection(ProjectConfigurationPlatforms) = postSolution
		{2E4ACC35-F848-4843-83FF-B2FDF9E76A60}.Debug|Any CPU.ActiveCfg = Debug|Any CPU
		{2E4ACC35-F848-4843-83FF-B2FDF9E76A60}.Debug|Any CPU.Build.0 = Debug|Any CPU
		{2E4ACC35-F848-4843-83FF-B2FDF9E76A60}.Release|Any CPU.ActiveCfg = Release|Any CPU
		{2E4ACC35-F848-4843-83FF-B2FDF9E76A60}.Release|Any CPU.Build.0 = Release|Any CPU
		{916FCC9B-B920-4345-B2BB-02A71B66D848}.Debug|Any CPU.ActiveCfg = Debug|Any CPU
		{916FCC9B-B920-4345-B2BB-02A71B66D848}.Debug|Any CPU.Build.0 = Debug|Any CPU
		{916FCC9B-B920-4345-B2BB-02A71B66D848}.Release|Any CPU.ActiveCfg = Release|Any CPU
		{916FCC9B-B920-4345-B2BB-02A71B66D848}.Release|Any CPU.Build.0 = Release|Any CPU
	EndGlobalSection
	GlobalSection(SolutionProperties) = preSolution
		HideSolutionNode = FALSE
	EndGlobalSection
EndGlobal
